PODS:
  - Alamofire (3.4.1)
  - AlamofireImage (2.4.1):
    - Alamofire (~> 3.3)
  - SwiftyJSON (2.3.0)

DEPENDENCIES:
  - Alamofire (= 3.4.1)
  - AlamofireImage (~> 2.0)
  - SwiftyJSON (= 2.3)

SPEC CHECKSUMS:
  Alamofire: 01a82e2f6c0f860ade35534c8dd88be61bdef40c
  AlamofireImage: 3ccf3347d9ea24580dc11fb892770a0be6a29826
  SwiftyJSON: 8d6b61a70277ef2a5d710d372e06e7e2d87fb9e4

PODFILE CHECKSUM: 8ad19062d35b56a5e1e2fc3df344e2a5b2d93f4e

COCOAPODS: 1.0.1
